
Microsoft Visual Studio Solution File, Format Version 12.00
Project("{FAE04EC0-301F-11D3-BF4B-00C04F79EFBC}") = "prak1", "prak1\prak1.csproj", "{E0CC6DC3-61E6-4729-979A-7332BA49649D}"
EndProject
Project("{FAE04EC0-301F-11D3-BF4B-00C04F79EFBC}") = "EduPrac3.3", "EduPrac3.3\EduPrac3.3.csproj", "{3826D513-9387-4144-AA92-D2E3D4F00E6A}"
EndProject
Project("{FAE04EC0-301F-11D3-BF4B-00C04F79EFBC}") = "EduPrac4.1", "EduPrac4.1\EduPrac4.1.csproj", "{2B268BBB-DF4A-419C-9E2C-C153C2DE9F53}"
EndProject
Project("{FAE04EC0-301F-11D3-BF4B-00C04F79EFBC}") = "EduPrac4.2", "EduPrac4.2\EduPrac4.2.csproj", "{99574737-498B-419A-BFC1-5B3AF8EECB4C}"
EndProject
Project("{FAE04EC0-301F-11D3-BF4B-00C04F79EFBC}") = "EduPrac4.3", "EduPrac4.3\EduPrac4.3.csproj", "{F272108E-962C-41A0-A1D5-CC751BC846A7}"
EndProject
Project("{FAE04EC0-301F-11D3-BF4B-00C04F79EFBC}") = "EduPrac4.4", "EduPrac4.4\EduPrac4.4.csproj", "{AC849679-4353-4D3C-9FF8-A1BB8F39DCDC}"
EndProject
Project("{FAE04EC0-301F-11D3-BF4B-00C04F79EFBC}") = "EduPrac4.5", "EduPrac4.5\EduPrac4.5.csproj", "{09577FC8-73FC-45C9-9603-40F3E4EECC8F}"
EndProject
Project("{FAE04EC0-301F-11D3-BF4B-00C04F79EFBC}") = "EduPrac4.6", "EduPrac4.6\EduPrac4.6.csproj", "{2CDEC09D-A7EB-4560-94A0-95D7E6435865}"
EndProject
Project("{FAE04EC0-301F-11D3-BF4B-00C04F79EFBC}") = "EduPrac5.1", "EduPrac5.1\EduPrac5.1.csproj", "{8AD3C1EF-F59D-4FF5-B6CA-0AE21576E2E9}"
EndProject
Project("{FAE04EC0-301F-11D3-BF4B-00C04F79EFBC}") = "EduPrac5.2", "EduPrac5.2\EduPrac5.2.csproj", "{EF7F362A-B4E7-4272-B59C-0C76A2B2CA48}"
EndProject
Project("{FAE04EC0-301F-11D3-BF4B-00C04F79EFBC}") = "EduPrac5.3", "EduPrac5.3\EduPrac5.3.csproj", "{9A3E1385-A8A6-4DD2-BA6A-4881790A18AD}"
EndProject
Project("{FAE04EC0-301F-11D3-BF4B-00C04F79EFBC}") = "EduPrac5.4", "EduPrac5.4\EduPrac5.4.csproj", "{48BE3B66-51CB-4DD7-892C-FA1976865FC2}"
EndProject
Project("{FAE04EC0-301F-11D3-BF4B-00C04F79EFBC}") = "EduPrac5.5", "EduPrac5.5\EduPrac5.5.csproj", "{F5A01371-B729-4A1B-BA59-4B4868D416CC}"
EndProject
Project("{FAE04EC0-301F-11D3-BF4B-00C04F79EFBC}") = "EduPrac6.1", "EduPrac6.1\EduPrac6.1.csproj", "{F46E429D-2318-40A3-8718-2AED3C8C0EED}"
EndProject
Project("{FAE04EC0-301F-11D3-BF4B-00C04F79EFBC}") = "EduPrac6.2", "EduPrac6.2\EduPrac6.2.csproj", "{5F7E3954-0749-4568-B815-293520A7EF57}"
EndProject
Project("{FAE04EC0-301F-11D3-BF4B-00C04F79EFBC}") = "EduPrac6.3", "EduPrac6.3\EduPrac6.3.csproj", "{8A975C2A-A7C7-4B82-BEF1-C7FF833EF9CE}"
EndProject
Project("{FAE04EC0-301F-11D3-BF4B-00C04F79EFBC}") = "EduPrac6.4", "EduPrac6.4\EduPrac6.4.csproj", "{8D30143F-742C-46A6-AC42-BAE6A5673D4C}"
EndProject
Global
	GlobalSection(SolutionConfigurationPlatforms) = preSolution
		Debug|Any CPU = Debug|Any CPU
		Release|Any CPU = Release|Any CPU
	EndGlobalSection
	GlobalSection(ProjectConfigurationPlatforms) = postSolution
		{E0CC6DC3-61E6-4729-979A-7332BA49649D}.Debug|Any CPU.ActiveCfg = Debug|Any CPU
		{E0CC6DC3-61E6-4729-979A-7332BA49649D}.Debug|Any CPU.Build.0 = Debug|Any CPU
		{E0CC6DC3-61E6-4729-979A-7332BA49649D}.Release|Any CPU.ActiveCfg = Release|Any CPU
		{E0CC6DC3-61E6-4729-979A-7332BA49649D}.Release|Any CPU.Build.0 = Release|Any CPU
		{3826D513-9387-4144-AA92-D2E3D4F00E6A}.Debug|Any CPU.ActiveCfg = Debug|Any CPU
		{3826D513-9387-4144-AA92-D2E3D4F00E6A}.Debug|Any CPU.Build.0 = Debug|Any CPU
		{3826D513-9387-4144-AA92-D2E3D4F00E6A}.Release|Any CPU.ActiveCfg = Release|Any CPU
		{3826D513-9387-4144-AA92-D2E3D4F00E6A}.Release|Any CPU.Build.0 = Release|Any CPU
		{2B268BBB-DF4A-419C-9E2C-C153C2DE9F53}.Debug|Any CPU.ActiveCfg = Debug|Any CPU
		{2B268BBB-DF4A-419C-9E2C-C153C2DE9F53}.Debug|Any CPU.Build.0 = Debug|Any CPU
		{2B268BBB-DF4A-419C-9E2C-C153C2DE9F53}.Release|Any CPU.ActiveCfg = Release|Any CPU
		{2B268BBB-DF4A-419C-9E2C-C153C2DE9F53}.Release|Any CPU.Build.0 = Release|Any CPU
		{99574737-498B-419A-BFC1-5B3AF8EECB4C}.Debug|Any CPU.ActiveCfg = Debug|Any CPU
		{99574737-498B-419A-BFC1-5B3AF8EECB4C}.Debug|Any CPU.Build.0 = Debug|Any CPU
		{99574737-498B-419A-BFC1-5B3AF8EECB4C}.Release|Any CPU.ActiveCfg = Release|Any CPU
		{99574737-498B-419A-BFC1-5B3AF8EECB4C}.Release|Any CPU.Build.0 = Release|Any CPU
		{F272108E-962C-41A0-A1D5-CC751BC846A7}.Debug|Any CPU.ActiveCfg = Debug|Any CPU
		{F272108E-962C-41A0-A1D5-CC751BC846A7}.Debug|Any CPU.Build.0 = Debug|Any CPU
		{F272108E-962C-41A0-A1D5-CC751BC846A7}.Release|Any CPU.ActiveCfg = Release|Any CPU
		{F272108E-962C-41A0-A1D5-CC751BC846A7}.Release|Any CPU.Build.0 = Release|Any CPU
		{AC849679-4353-4D3C-9FF8-A1BB8F39DCDC}.Debug|Any CPU.ActiveCfg = Debug|Any CPU
		{AC849679-4353-4D3C-9FF8-A1BB8F39DCDC}.Debug|Any CPU.Build.0 = Debug|Any CPU
		{AC849679-4353-4D3C-9FF8-A1BB8F39DCDC}.Release|Any CPU.ActiveCfg = Release|Any CPU
		{AC849679-4353-4D3C-9FF8-A1BB8F39DCDC}.Release|Any CPU.Build.0 = Release|Any CPU
		{09577FC8-73FC-45C9-9603-40F3E4EECC8F}.Debug|Any CPU.ActiveCfg = Debug|Any CPU
		{09577FC8-73FC-45C9-9603-40F3E4EECC8F}.Debug|Any CPU.Build.0 = Debug|Any CPU
		{09577FC8-73FC-45C9-9603-40F3E4EECC8F}.Release|Any CPU.ActiveCfg = Release|Any CPU
		{09577FC8-73FC-45C9-9603-40F3E4EECC8F}.Release|Any CPU.Build.0 = Release|Any CPU
		{2CDEC09D-A7EB-4560-94A0-95D7E6435865}.Debug|Any CPU.ActiveCfg = Debug|Any CPU
		{2CDEC09D-A7EB-4560-94A0-95D7E6435865}.Debug|Any CPU.Build.0 = Debug|Any CPU
		{2CDEC09D-A7EB-4560-94A0-95D7E6435865}.Release|Any CPU.ActiveCfg = Release|Any CPU
		{2CDEC09D-A7EB-4560-94A0-95D7E6435865}.Release|Any CPU.Build.0 = Release|Any CPU
		{8AD3C1EF-F59D-4FF5-B6CA-0AE21576E2E9}.Debug|Any CPU.ActiveCfg = Debug|Any CPU
		{8AD3C1EF-F59D-4FF5-B6CA-0AE21576E2E9}.Debug|Any CPU.Build.0 = Debug|Any CPU
		{8AD3C1EF-F59D-4FF5-B6CA-0AE21576E2E9}.Release|Any CPU.ActiveCfg = Release|Any CPU
		{8AD3C1EF-F59D-4FF5-B6CA-0AE21576E2E9}.Release|Any CPU.Build.0 = Release|Any CPU
		{EF7F362A-B4E7-4272-B59C-0C76A2B2CA48}.Debug|Any CPU.ActiveCfg = Debug|Any CPU
		{EF7F362A-B4E7-4272-B59C-0C76A2B2CA48}.Debug|Any CPU.Build.0 = Debug|Any CPU
		{EF7F362A-B4E7-4272-B59C-0C76A2B2CA48}.Release|Any CPU.ActiveCfg = Release|Any CPU
		{EF7F362A-B4E7-4272-B59C-0C76A2B2CA48}.Release|Any CPU.Build.0 = Release|Any CPU
		{9A3E1385-A8A6-4DD2-BA6A-4881790A18AD}.Debug|Any CPU.ActiveCfg = Debug|Any CPU
		{9A3E1385-A8A6-4DD2-BA6A-4881790A18AD}.Debug|Any CPU.Build.0 = Debug|Any CPU
		{9A3E1385-A8A6-4DD2-BA6A-4881790A18AD}.Release|Any CPU.ActiveCfg = Release|Any CPU
		{9A3E1385-A8A6-4DD2-BA6A-4881790A18AD}.Release|Any CPU.Build.0 = Release|Any CPU
		{48BE3B66-51CB-4DD7-892C-FA1976865FC2}.Debug|Any CPU.ActiveCfg = Debug|Any CPU
		{48BE3B66-51CB-4DD7-892C-FA1976865FC2}.Debug|Any CPU.Build.0 = Debug|Any CPU
		{48BE3B66-51CB-4DD7-892C-FA1976865FC2}.Release|Any CPU.ActiveCfg = Release|Any CPU
		{48BE3B66-51CB-4DD7-892C-FA1976865FC2}.Release|Any CPU.Build.0 = Release|Any CPU
		{F5A01371-B729-4A1B-BA59-4B4868D416CC}.Debug|Any CPU.ActiveCfg = Debug|Any CPU
		{F5A01371-B729-4A1B-BA59-4B4868D416CC}.Debug|Any CPU.Build.0 = Debug|Any CPU
		{F5A01371-B729-4A1B-BA59-4B4868D416CC}.Release|Any CPU.ActiveCfg = Release|Any CPU
		{F5A01371-B729-4A1B-BA59-4B4868D416CC}.Release|Any CPU.Build.0 = Release|Any CPU
		{F46E429D-2318-40A3-8718-2AED3C8C0EED}.Debug|Any CPU.ActiveCfg = Debug|Any CPU
		{F46E429D-2318-40A3-8718-2AED3C8C0EED}.Debug|Any CPU.Build.0 = Debug|Any CPU
		{F46E429D-2318-40A3-8718-2AED3C8C0EED}.Release|Any CPU.ActiveCfg = Release|Any CPU
		{F46E429D-2318-40A3-8718-2AED3C8C0EED}.Release|Any CPU.Build.0 = Release|Any CPU
		{5F7E3954-0749-4568-B815-293520A7EF57}.Debug|Any CPU.ActiveCfg = Debug|Any CPU
		{5F7E3954-0749-4568-B815-293520A7EF57}.Debug|Any CPU.Build.0 = Debug|Any CPU
		{5F7E3954-0749-4568-B815-293520A7EF57}.Release|Any CPU.ActiveCfg = Release|Any CPU
		{5F7E3954-0749-4568-B815-293520A7EF57}.Release|Any CPU.Build.0 = Release|Any CPU
		{8A975C2A-A7C7-4B82-BEF1-C7FF833EF9CE}.Debug|Any CPU.ActiveCfg = Debug|Any CPU
		{8A975C2A-A7C7-4B82-BEF1-C7FF833EF9CE}.Debug|Any CPU.Build.0 = Debug|Any CPU
		{8A975C2A-A7C7-4B82-BEF1-C7FF833EF9CE}.Release|Any CPU.ActiveCfg = Release|Any CPU
		{8A975C2A-A7C7-4B82-BEF1-C7FF833EF9CE}.Release|Any CPU.Build.0 = Release|Any CPU
		{8D30143F-742C-46A6-AC42-BAE6A5673D4C}.Debug|Any CPU.ActiveCfg = Debug|Any CPU
		{8D30143F-742C-46A6-AC42-BAE6A5673D4C}.Debug|Any CPU.Build.0 = Debug|Any CPU
		{8D30143F-742C-46A6-AC42-BAE6A5673D4C}.Release|Any CPU.ActiveCfg = Release|Any CPU
		{8D30143F-742C-46A6-AC42-BAE6A5673D4C}.Release|Any CPU.Build.0 = Release|Any CPU
	EndGlobalSection
EndGlobal
