
Microsoft Visual Studio Solution File, Format Version 12.00
Project("{2150E333-8FDC-42A3-9474-1A3956D46DE8}") = "EducationalPractice1", "EducationalPractice1", "{F0568C73-4E90-4248-A244-FB4D0F32A249}"
EndProject
Project("{FAE04EC0-301F-11D3-BF4B-00C04F79EFBC}") = "EduPrac1.1", "EduPrac1.1\EduPrac1.1.csproj", "{6090A109-1728-4B3F-9710-470C834580AE}"
EndProject
Project("{FAE04EC0-301F-11D3-BF4B-00C04F79EFBC}") = "EduPrac1.5", "EduPrac1.5\EduPrac1.5.csproj", "{D0FADA75-7CC4-4012-BF60-23BAEBB36EDD}"
EndProject
Project("{FAE04EC0-301F-11D3-BF4B-00C04F79EFBC}") = "EduPrac1.2", "EduPrac1.2\EduPrac1.2.csproj", "{37542695-47F8-46C1-A654-36B055F9B3F3}"
EndProject
Project("{FAE04EC0-301F-11D3-BF4B-00C04F79EFBC}") = "EduPrac1.4", "EduPrac1.4\EduPrac1.4.csproj", "{C6098505-EDD6-424D-8346-24C9B3A8D4D4}"
EndProject
Project("{FAE04EC0-301F-11D3-BF4B-00C04F79EFBC}") = "EduPrac1.3", "EduPrac1.3\EduPrac1.3.csproj", "{A087A72B-FD3F-4047-ACB4-9DE6CB9CAEF4}"
EndProject
Project("{2150E333-8FDC-42A3-9474-1A3956D46DE8}") = "EducationalPractice2", "EducationalPractice2", "{45366B51-A50E-4F6F-8F60-D41B90414205}"
EndProject
Project("{FAE04EC0-301F-11D3-BF4B-00C04F79EFBC}") = "EduPrac2.1", "EduPrac2.1\EduPrac2.1.csproj", "{6C94DA73-F26C-492D-9C37-8DCA13282D79}"
EndProject
Project("{FAE04EC0-301F-11D3-BF4B-00C04F79EFBC}") = "EduPrac2.5", "EduPrac2.5\EduPrac2.5.csproj", "{BD869781-1D3E-404F-BC47-68AE1D3626D4}"
EndProject
Project("{FAE04EC0-301F-11D3-BF4B-00C04F79EFBC}") = "EduPrac2.2", "EduPrac2.2\EduPrac2.2.csproj", "{FE7966FF-B546-4EE4-A257-20CC0236EFD8}"
EndProject
Project("{FAE04EC0-301F-11D3-BF4B-00C04F79EFBC}") = "EduPrac2.3", "EduPrac2.3\EduPrac2.3.csproj", "{A2F12C42-E5C4-467F-B3BE-A5728FCCD674}"
EndProject
Project("{FAE04EC0-301F-11D3-BF4B-00C04F79EFBC}") = "EduPrac2.4", "EduPrac2.4\EduPrac2.4.csproj", "{C64A8535-8C4B-42A1-9838-6DBE9ABA50D7}"
EndProject
Project("{2150E333-8FDC-42A3-9474-1A3956D46DE8}") = "EducationalPractice3", "EducationalPractice3", "{D2C75E28-1FF1-4150-A1E4-ADA892670B3E}"
EndProject
Project("{FAE04EC0-301F-11D3-BF4B-00C04F79EFBC}") = "EduPrac3.1", "EduPrac3.1\EduPrac3.1.csproj", "{EC2C97B9-2D5E-4828-A3CF-5A60FFF902C6}"
EndProject
Project("{FAE04EC0-301F-11D3-BF4B-00C04F79EFBC}") = "EduPrac3.2", "EduPrac3.2\EduPrac3.2.csproj", "{D5E85AEB-E4C9-4167-9BFD-35A3E9B01C06}"
EndProject
Project("{FAE04EC0-301F-11D3-BF4B-00C04F79EFBC}") = "EduPrac3.3", "EduPrac3.3\EduPrac3.3.csproj", "{FCF2E54C-2656-4105-8477-9A88368272B5}"
EndProject
Project("{2150E333-8FDC-42A3-9474-1A3956D46DE8}") = "EducationalPractice4", "EducationalPractice4", "{16303C50-80A9-4398-92F9-019A6CB659E7}"
EndProject
Project("{FAE04EC0-301F-11D3-BF4B-00C04F79EFBC}") = "EduPrac4.1", "EduPrac4.1\EduPrac4.1.csproj", "{7254388B-3E9B-40C3-8EB4-04340AAB68BF}"
EndProject
Project("{FAE04EC0-301F-11D3-BF4B-00C04F79EFBC}") = "EduPrac4.2", "EduPrac4.2\EduPrac4.2.csproj", "{6F0C0C30-CD63-496F-A094-B98E925A98DA}"
EndProject
Project("{FAE04EC0-301F-11D3-BF4B-00C04F79EFBC}") = "EduPrac4.3", "EduPrac4.3\EduPrac4.3.csproj", "{739018F8-5611-4E02-BBAA-E4C9E16FEE87}"
EndProject
Project("{FAE04EC0-301F-11D3-BF4B-00C04F79EFBC}") = "EduPrac4.4", "EduPrac4.4\EduPrac4.4.csproj", "{60E5A4A7-5936-4C6D-B2BF-4F296E3E9929}"
EndProject
Project("{FAE04EC0-301F-11D3-BF4B-00C04F79EFBC}") = "EduPrac4.5", "EduPrac4.5\EduPrac4.5.csproj", "{C115B91F-5EF0-434B-94C4-824DD3DDCC42}"
EndProject
Project("{FAE04EC0-301F-11D3-BF4B-00C04F79EFBC}") = "EduPrac4.6", "EduPrac4.6\EduPrac4.6.csproj", "{540A1102-A00E-4B18-A9C9-3FDFE2D5B8DF}"
EndProject
Project("{2150E333-8FDC-42A3-9474-1A3956D46DE8}") = "EducationalPractice5", "EducationalPractice5", "{76F2F092-F284-440D-875F-3BE4581EF41A}"
EndProject
Project("{FAE04EC0-301F-11D3-BF4B-00C04F79EFBC}") = "EduPrac5.1", "EduPrac5.1\EduPrac5.1.csproj", "{70F11DD4-759C-435D-9FDC-B6E91BDAAD9D}"
EndProject
Project("{FAE04EC0-301F-11D3-BF4B-00C04F79EFBC}") = "EduPrac5.2", "EduPrac5.2\EduPrac5.2.csproj", "{AAA24A47-B2EA-458F-803F-6D4467FA64AE}"
EndProject
Project("{FAE04EC0-301F-11D3-BF4B-00C04F79EFBC}") = "EduPrac5.3", "EduPrac5.3\EduPrac5.3.csproj", "{777366FA-595E-4DAF-8F93-C9A3FDAD9C7E}"
EndProject
Project("{FAE04EC0-301F-11D3-BF4B-00C04F79EFBC}") = "EduPrac5.4", "EduPrac5.4\EduPrac5.4.csproj", "{84054216-0133-44C7-9F9B-533C4DEB398B}"
EndProject
Project("{FAE04EC0-301F-11D3-BF4B-00C04F79EFBC}") = "EduPrac5.5", "EduPrac5.5\EduPrac5.5.csproj", "{650249A7-8754-4823-817E-93C7EFCAEFAF}"
EndProject
Project("{2150E333-8FDC-42A3-9474-1A3956D46DE8}") = "EducationalPractice6", "EducationalPractice6", "{7BA3CB4F-BC5B-49BB-92A6-01CB9043CABA}"
EndProject
Project("{FAE04EC0-301F-11D3-BF4B-00C04F79EFBC}") = "EduPrac6.1", "EduPrac6.1\EduPrac6.1.csproj", "{AA58CEAC-B78A-473E-921C-2AD84654E381}"
EndProject
Project("{FAE04EC0-301F-11D3-BF4B-00C04F79EFBC}") = "EduPrac6.2", "EduPrac6.2\EduPrac6.2.csproj", "{BB7EBD8D-14FD-4707-9CDE-F0BEEBF0606B}"
EndProject
Project("{FAE04EC0-301F-11D3-BF4B-00C04F79EFBC}") = "EduPrac6.3", "EduPrac6.3\EduPrac6.3.csproj", "{7891A889-4416-475F-8DDF-24BFBF06369F}"
EndProject
Project("{FAE04EC0-301F-11D3-BF4B-00C04F79EFBC}") = "EduPrac6.4", "EduPrac6.4\EduPrac6.4.csproj", "{B7687802-1BDC-4DDC-BD64-115013DFACE9}"
EndProject
Project("{FAE04EC0-301F-11D3-BF4B-00C04F79EFBC}") = "EduPrac6.5", "EduPrac6.5\EduPrac6.5.csproj", "{52B373FD-D4C8-4C38-ADFA-03E6B9253B12}"
EndProject
Project("{FAE04EC0-301F-11D3-BF4B-00C04F79EFBC}") = "EduPrac6.6", "EduPrac6.6\EduPrac6.6.csproj", "{98662881-B0B5-47B9-9879-702B984E652F}"
EndProject
Global
	GlobalSection(SolutionConfigurationPlatforms) = preSolution
		Debug|Any CPU = Debug|Any CPU
		Release|Any CPU = Release|Any CPU
	EndGlobalSection
	GlobalSection(ProjectConfigurationPlatforms) = postSolution
		{6090A109-1728-4B3F-9710-470C834580AE}.Debug|Any CPU.ActiveCfg = Debug|Any CPU
		{6090A109-1728-4B3F-9710-470C834580AE}.Debug|Any CPU.Build.0 = Debug|Any CPU
		{6090A109-1728-4B3F-9710-470C834580AE}.Release|Any CPU.ActiveCfg = Release|Any CPU
		{6090A109-1728-4B3F-9710-470C834580AE}.Release|Any CPU.Build.0 = Release|Any CPU
		{D0FADA75-7CC4-4012-BF60-23BAEBB36EDD}.Debug|Any CPU.ActiveCfg = Debug|Any CPU
		{D0FADA75-7CC4-4012-BF60-23BAEBB36EDD}.Debug|Any CPU.Build.0 = Debug|Any CPU
		{D0FADA75-7CC4-4012-BF60-23BAEBB36EDD}.Release|Any CPU.ActiveCfg = Release|Any CPU
		{D0FADA75-7CC4-4012-BF60-23BAEBB36EDD}.Release|Any CPU.Build.0 = Release|Any CPU
		{37542695-47F8-46C1-A654-36B055F9B3F3}.Debug|Any CPU.ActiveCfg = Debug|Any CPU
		{37542695-47F8-46C1-A654-36B055F9B3F3}.Debug|Any CPU.Build.0 = Debug|Any CPU
		{37542695-47F8-46C1-A654-36B055F9B3F3}.Release|Any CPU.ActiveCfg = Release|Any CPU
		{37542695-47F8-46C1-A654-36B055F9B3F3}.Release|Any CPU.Build.0 = Release|Any CPU
		{C6098505-EDD6-424D-8346-24C9B3A8D4D4}.Debug|Any CPU.ActiveCfg = Debug|Any CPU
		{C6098505-EDD6-424D-8346-24C9B3A8D4D4}.Debug|Any CPU.Build.0 = Debug|Any CPU
		{C6098505-EDD6-424D-8346-24C9B3A8D4D4}.Release|Any CPU.ActiveCfg = Release|Any CPU
		{C6098505-EDD6-424D-8346-24C9B3A8D4D4}.Release|Any CPU.Build.0 = Release|Any CPU
		{A087A72B-FD3F-4047-ACB4-9DE6CB9CAEF4}.Debug|Any CPU.ActiveCfg = Debug|Any CPU
		{A087A72B-FD3F-4047-ACB4-9DE6CB9CAEF4}.Debug|Any CPU.Build.0 = Debug|Any CPU
		{A087A72B-FD3F-4047-ACB4-9DE6CB9CAEF4}.Release|Any CPU.ActiveCfg = Release|Any CPU
		{A087A72B-FD3F-4047-ACB4-9DE6CB9CAEF4}.Release|Any CPU.Build.0 = Release|Any CPU
		{6C94DA73-F26C-492D-9C37-8DCA13282D79}.Debug|Any CPU.ActiveCfg = Debug|Any CPU
		{6C94DA73-F26C-492D-9C37-8DCA13282D79}.Debug|Any CPU.Build.0 = Debug|Any CPU
		{6C94DA73-F26C-492D-9C37-8DCA13282D79}.Release|Any CPU.ActiveCfg = Release|Any CPU
		{6C94DA73-F26C-492D-9C37-8DCA13282D79}.Release|Any CPU.Build.0 = Release|Any CPU
		{BD869781-1D3E-404F-BC47-68AE1D3626D4}.Debug|Any CPU.ActiveCfg = Debug|Any CPU
		{BD869781-1D3E-404F-BC47-68AE1D3626D4}.Debug|Any CPU.Build.0 = Debug|Any CPU
		{BD869781-1D3E-404F-BC47-68AE1D3626D4}.Release|Any CPU.ActiveCfg = Release|Any CPU
		{BD869781-1D3E-404F-BC47-68AE1D3626D4}.Release|Any CPU.Build.0 = Release|Any CPU
		{FE7966FF-B546-4EE4-A257-20CC0236EFD8}.Debug|Any CPU.ActiveCfg = Debug|Any CPU
		{FE7966FF-B546-4EE4-A257-20CC0236EFD8}.Debug|Any CPU.Build.0 = Debug|Any CPU
		{FE7966FF-B546-4EE4-A257-20CC0236EFD8}.Release|Any CPU.ActiveCfg = Release|Any CPU
		{FE7966FF-B546-4EE4-A257-20CC0236EFD8}.Release|Any CPU.Build.0 = Release|Any CPU
		{A2F12C42-E5C4-467F-B3BE-A5728FCCD674}.Debug|Any CPU.ActiveCfg = Debug|Any CPU
		{A2F12C42-E5C4-467F-B3BE-A5728FCCD674}.Debug|Any CPU.Build.0 = Debug|Any CPU
		{A2F12C42-E5C4-467F-B3BE-A5728FCCD674}.Release|Any CPU.ActiveCfg = Release|Any CPU
		{A2F12C42-E5C4-467F-B3BE-A5728FCCD674}.Release|Any CPU.Build.0 = Release|Any CPU
		{C64A8535-8C4B-42A1-9838-6DBE9ABA50D7}.Debug|Any CPU.ActiveCfg = Debug|Any CPU
		{C64A8535-8C4B-42A1-9838-6DBE9ABA50D7}.Debug|Any CPU.Build.0 = Debug|Any CPU
		{C64A8535-8C4B-42A1-9838-6DBE9ABA50D7}.Release|Any CPU.ActiveCfg = Release|Any CPU
		{C64A8535-8C4B-42A1-9838-6DBE9ABA50D7}.Release|Any CPU.Build.0 = Release|Any CPU
		{EC2C97B9-2D5E-4828-A3CF-5A60FFF902C6}.Debug|Any CPU.ActiveCfg = Debug|Any CPU
		{EC2C97B9-2D5E-4828-A3CF-5A60FFF902C6}.Debug|Any CPU.Build.0 = Debug|Any CPU
		{EC2C97B9-2D5E-4828-A3CF-5A60FFF902C6}.Release|Any CPU.ActiveCfg = Release|Any CPU
		{EC2C97B9-2D5E-4828-A3CF-5A60FFF902C6}.Release|Any CPU.Build.0 = Release|Any CPU
		{D5E85AEB-E4C9-4167-9BFD-35A3E9B01C06}.Debug|Any CPU.ActiveCfg = Debug|Any CPU
		{D5E85AEB-E4C9-4167-9BFD-35A3E9B01C06}.Debug|Any CPU.Build.0 = Debug|Any CPU
		{D5E85AEB-E4C9-4167-9BFD-35A3E9B01C06}.Release|Any CPU.ActiveCfg = Release|Any CPU
		{D5E85AEB-E4C9-4167-9BFD-35A3E9B01C06}.Release|Any CPU.Build.0 = Release|Any CPU
		{FCF2E54C-2656-4105-8477-9A88368272B5}.Debug|Any CPU.ActiveCfg = Debug|Any CPU
		{FCF2E54C-2656-4105-8477-9A88368272B5}.Debug|Any CPU.Build.0 = Debug|Any CPU
		{FCF2E54C-2656-4105-8477-9A88368272B5}.Release|Any CPU.ActiveCfg = Release|Any CPU
		{FCF2E54C-2656-4105-8477-9A88368272B5}.Release|Any CPU.Build.0 = Release|Any CPU
		{7254388B-3E9B-40C3-8EB4-04340AAB68BF}.Debug|Any CPU.ActiveCfg = Debug|Any CPU
		{7254388B-3E9B-40C3-8EB4-04340AAB68BF}.Debug|Any CPU.Build.0 = Debug|Any CPU
		{7254388B-3E9B-40C3-8EB4-04340AAB68BF}.Release|Any CPU.ActiveCfg = Release|Any CPU
		{7254388B-3E9B-40C3-8EB4-04340AAB68BF}.Release|Any CPU.Build.0 = Release|Any CPU
		{6F0C0C30-CD63-496F-A094-B98E925A98DA}.Debug|Any CPU.ActiveCfg = Debug|Any CPU
		{6F0C0C30-CD63-496F-A094-B98E925A98DA}.Debug|Any CPU.Build.0 = Debug|Any CPU
		{6F0C0C30-CD63-496F-A094-B98E925A98DA}.Release|Any CPU.ActiveCfg = Release|Any CPU
		{6F0C0C30-CD63-496F-A094-B98E925A98DA}.Release|Any CPU.Build.0 = Release|Any CPU
		{739018F8-5611-4E02-BBAA-E4C9E16FEE87}.Debug|Any CPU.ActiveCfg = Debug|Any CPU
		{739018F8-5611-4E02-BBAA-E4C9E16FEE87}.Debug|Any CPU.Build.0 = Debug|Any CPU
		{739018F8-5611-4E02-BBAA-E4C9E16FEE87}.Release|Any CPU.ActiveCfg = Release|Any CPU
		{739018F8-5611-4E02-BBAA-E4C9E16FEE87}.Release|Any CPU.Build.0 = Release|Any CPU
		{60E5A4A7-5936-4C6D-B2BF-4F296E3E9929}.Debug|Any CPU.ActiveCfg = Debug|Any CPU
		{60E5A4A7-5936-4C6D-B2BF-4F296E3E9929}.Debug|Any CPU.Build.0 = Debug|Any CPU
		{60E5A4A7-5936-4C6D-B2BF-4F296E3E9929}.Release|Any CPU.ActiveCfg = Release|Any CPU
		{60E5A4A7-5936-4C6D-B2BF-4F296E3E9929}.Release|Any CPU.Build.0 = Release|Any CPU
		{C115B91F-5EF0-434B-94C4-824DD3DDCC42}.Debug|Any CPU.ActiveCfg = Debug|Any CPU
		{C115B91F-5EF0-434B-94C4-824DD3DDCC42}.Debug|Any CPU.Build.0 = Debug|Any CPU
		{C115B91F-5EF0-434B-94C4-824DD3DDCC42}.Release|Any CPU.ActiveCfg = Release|Any CPU
		{C115B91F-5EF0-434B-94C4-824DD3DDCC42}.Release|Any CPU.Build.0 = Release|Any CPU
		{540A1102-A00E-4B18-A9C9-3FDFE2D5B8DF}.Debug|Any CPU.ActiveCfg = Debug|Any CPU
		{540A1102-A00E-4B18-A9C9-3FDFE2D5B8DF}.Debug|Any CPU.Build.0 = Debug|Any CPU
		{540A1102-A00E-4B18-A9C9-3FDFE2D5B8DF}.Release|Any CPU.ActiveCfg = Release|Any CPU
		{540A1102-A00E-4B18-A9C9-3FDFE2D5B8DF}.Release|Any CPU.Build.0 = Release|Any CPU
		{70F11DD4-759C-435D-9FDC-B6E91BDAAD9D}.Debug|Any CPU.ActiveCfg = Debug|Any CPU
		{70F11DD4-759C-435D-9FDC-B6E91BDAAD9D}.Debug|Any CPU.Build.0 = Debug|Any CPU
		{70F11DD4-759C-435D-9FDC-B6E91BDAAD9D}.Release|Any CPU.ActiveCfg = Release|Any CPU
		{70F11DD4-759C-435D-9FDC-B6E91BDAAD9D}.Release|Any CPU.Build.0 = Release|Any CPU
		{AAA24A47-B2EA-458F-803F-6D4467FA64AE}.Debug|Any CPU.ActiveCfg = Debug|Any CPU
		{AAA24A47-B2EA-458F-803F-6D4467FA64AE}.Debug|Any CPU.Build.0 = Debug|Any CPU
		{AAA24A47-B2EA-458F-803F-6D4467FA64AE}.Release|Any CPU.ActiveCfg = Release|Any CPU
		{AAA24A47-B2EA-458F-803F-6D4467FA64AE}.Release|Any CPU.Build.0 = Release|Any CPU
		{777366FA-595E-4DAF-8F93-C9A3FDAD9C7E}.Debug|Any CPU.ActiveCfg = Debug|Any CPU
		{777366FA-595E-4DAF-8F93-C9A3FDAD9C7E}.Debug|Any CPU.Build.0 = Debug|Any CPU
		{777366FA-595E-4DAF-8F93-C9A3FDAD9C7E}.Release|Any CPU.ActiveCfg = Release|Any CPU
		{777366FA-595E-4DAF-8F93-C9A3FDAD9C7E}.Release|Any CPU.Build.0 = Release|Any CPU
		{84054216-0133-44C7-9F9B-533C4DEB398B}.Debug|Any CPU.ActiveCfg = Debug|Any CPU
		{84054216-0133-44C7-9F9B-533C4DEB398B}.Debug|Any CPU.Build.0 = Debug|Any CPU
		{84054216-0133-44C7-9F9B-533C4DEB398B}.Release|Any CPU.ActiveCfg = Release|Any CPU
		{84054216-0133-44C7-9F9B-533C4DEB398B}.Release|Any CPU.Build.0 = Release|Any CPU
		{650249A7-8754-4823-817E-93C7EFCAEFAF}.Debug|Any CPU.ActiveCfg = Debug|Any CPU
		{650249A7-8754-4823-817E-93C7EFCAEFAF}.Debug|Any CPU.Build.0 = Debug|Any CPU
		{650249A7-8754-4823-817E-93C7EFCAEFAF}.Release|Any CPU.ActiveCfg = Release|Any CPU
		{650249A7-8754-4823-817E-93C7EFCAEFAF}.Release|Any CPU.Build.0 = Release|Any CPU
		{AA58CEAC-B78A-473E-921C-2AD84654E381}.Debug|Any CPU.ActiveCfg = Debug|Any CPU
		{AA58CEAC-B78A-473E-921C-2AD84654E381}.Debug|Any CPU.Build.0 = Debug|Any CPU
		{AA58CEAC-B78A-473E-921C-2AD84654E381}.Release|Any CPU.ActiveCfg = Release|Any CPU
		{AA58CEAC-B78A-473E-921C-2AD84654E381}.Release|Any CPU.Build.0 = Release|Any CPU
		{BB7EBD8D-14FD-4707-9CDE-F0BEEBF0606B}.Debug|Any CPU.ActiveCfg = Debug|Any CPU
		{BB7EBD8D-14FD-4707-9CDE-F0BEEBF0606B}.Debug|Any CPU.Build.0 = Debug|Any CPU
		{BB7EBD8D-14FD-4707-9CDE-F0BEEBF0606B}.Release|Any CPU.ActiveCfg = Release|Any CPU
		{BB7EBD8D-14FD-4707-9CDE-F0BEEBF0606B}.Release|Any CPU.Build.0 = Release|Any CPU
		{7891A889-4416-475F-8DDF-24BFBF06369F}.Debug|Any CPU.ActiveCfg = Debug|Any CPU
		{7891A889-4416-475F-8DDF-24BFBF06369F}.Debug|Any CPU.Build.0 = Debug|Any CPU
		{7891A889-4416-475F-8DDF-24BFBF06369F}.Release|Any CPU.ActiveCfg = Release|Any CPU
		{7891A889-4416-475F-8DDF-24BFBF06369F}.Release|Any CPU.Build.0 = Release|Any CPU
		{B7687802-1BDC-4DDC-BD64-115013DFACE9}.Debug|Any CPU.ActiveCfg = Debug|Any CPU
		{B7687802-1BDC-4DDC-BD64-115013DFACE9}.Debug|Any CPU.Build.0 = Debug|Any CPU
		{B7687802-1BDC-4DDC-BD64-115013DFACE9}.Release|Any CPU.ActiveCfg = Release|Any CPU
		{B7687802-1BDC-4DDC-BD64-115013DFACE9}.Release|Any CPU.Build.0 = Release|Any CPU
		{52B373FD-D4C8-4C38-ADFA-03E6B9253B12}.Debug|Any CPU.ActiveCfg = Debug|Any CPU
		{52B373FD-D4C8-4C38-ADFA-03E6B9253B12}.Debug|Any CPU.Build.0 = Debug|Any CPU
		{52B373FD-D4C8-4C38-ADFA-03E6B9253B12}.Release|Any CPU.ActiveCfg = Release|Any CPU
		{52B373FD-D4C8-4C38-ADFA-03E6B9253B12}.Release|Any CPU.Build.0 = Release|Any CPU
		{98662881-B0B5-47B9-9879-702B984E652F}.Debug|Any CPU.ActiveCfg = Debug|Any CPU
		{98662881-B0B5-47B9-9879-702B984E652F}.Debug|Any CPU.Build.0 = Debug|Any CPU
		{98662881-B0B5-47B9-9879-702B984E652F}.Release|Any CPU.ActiveCfg = Release|Any CPU
		{98662881-B0B5-47B9-9879-702B984E652F}.Release|Any CPU.Build.0 = Release|Any CPU
	EndGlobalSection
	GlobalSection(NestedProjects) = preSolution
		{6090A109-1728-4B3F-9710-470C834580AE} = {F0568C73-4E90-4248-A244-FB4D0F32A249}
		{D0FADA75-7CC4-4012-BF60-23BAEBB36EDD} = {F0568C73-4E90-4248-A244-FB4D0F32A249}
		{37542695-47F8-46C1-A654-36B055F9B3F3} = {F0568C73-4E90-4248-A244-FB4D0F32A249}
		{C6098505-EDD6-424D-8346-24C9B3A8D4D4} = {F0568C73-4E90-4248-A244-FB4D0F32A249}
		{A087A72B-FD3F-4047-ACB4-9DE6CB9CAEF4} = {F0568C73-4E90-4248-A244-FB4D0F32A249}
		{6C94DA73-F26C-492D-9C37-8DCA13282D79} = {45366B51-A50E-4F6F-8F60-D41B90414205}
		{BD869781-1D3E-404F-BC47-68AE1D3626D4} = {45366B51-A50E-4F6F-8F60-D41B90414205}
		{FE7966FF-B546-4EE4-A257-20CC0236EFD8} = {45366B51-A50E-4F6F-8F60-D41B90414205}
		{A2F12C42-E5C4-467F-B3BE-A5728FCCD674} = {45366B51-A50E-4F6F-8F60-D41B90414205}
		{C64A8535-8C4B-42A1-9838-6DBE9ABA50D7} = {45366B51-A50E-4F6F-8F60-D41B90414205}
		{EC2C97B9-2D5E-4828-A3CF-5A60FFF902C6} = {D2C75E28-1FF1-4150-A1E4-ADA892670B3E}
		{D5E85AEB-E4C9-4167-9BFD-35A3E9B01C06} = {D2C75E28-1FF1-4150-A1E4-ADA892670B3E}
		{FCF2E54C-2656-4105-8477-9A88368272B5} = {D2C75E28-1FF1-4150-A1E4-ADA892670B3E}
		{7254388B-3E9B-40C3-8EB4-04340AAB68BF} = {16303C50-80A9-4398-92F9-019A6CB659E7}
		{6F0C0C30-CD63-496F-A094-B98E925A98DA} = {16303C50-80A9-4398-92F9-019A6CB659E7}
		{739018F8-5611-4E02-BBAA-E4C9E16FEE87} = {16303C50-80A9-4398-92F9-019A6CB659E7}
		{60E5A4A7-5936-4C6D-B2BF-4F296E3E9929} = {16303C50-80A9-4398-92F9-019A6CB659E7}
		{C115B91F-5EF0-434B-94C4-824DD3DDCC42} = {16303C50-80A9-4398-92F9-019A6CB659E7}
		{540A1102-A00E-4B18-A9C9-3FDFE2D5B8DF} = {16303C50-80A9-4398-92F9-019A6CB659E7}
		{70F11DD4-759C-435D-9FDC-B6E91BDAAD9D} = {76F2F092-F284-440D-875F-3BE4581EF41A}
		{AAA24A47-B2EA-458F-803F-6D4467FA64AE} = {76F2F092-F284-440D-875F-3BE4581EF41A}
		{777366FA-595E-4DAF-8F93-C9A3FDAD9C7E} = {76F2F092-F284-440D-875F-3BE4581EF41A}
		{84054216-0133-44C7-9F9B-533C4DEB398B} = {76F2F092-F284-440D-875F-3BE4581EF41A}
		{650249A7-8754-4823-817E-93C7EFCAEFAF} = {76F2F092-F284-440D-875F-3BE4581EF41A}
		{AA58CEAC-B78A-473E-921C-2AD84654E381} = {7BA3CB4F-BC5B-49BB-92A6-01CB9043CABA}
		{BB7EBD8D-14FD-4707-9CDE-F0BEEBF0606B} = {7BA3CB4F-BC5B-49BB-92A6-01CB9043CABA}
		{7891A889-4416-475F-8DDF-24BFBF06369F} = {7BA3CB4F-BC5B-49BB-92A6-01CB9043CABA}
		{B7687802-1BDC-4DDC-BD64-115013DFACE9} = {7BA3CB4F-BC5B-49BB-92A6-01CB9043CABA}
		{52B373FD-D4C8-4C38-ADFA-03E6B9253B12} = {7BA3CB4F-BC5B-49BB-92A6-01CB9043CABA}
		{98662881-B0B5-47B9-9879-702B984E652F} = {7BA3CB4F-BC5B-49BB-92A6-01CB9043CABA}
	EndGlobalSection
EndGlobal
