
Microsoft Visual Studio Solution File, Format Version 12.00
Project("{2150E333-8FDC-42A3-9474-1A3956D46DE8}") = "LabWork1", "LabWork1", "{2C010DE1-9A09-4D1D-8BB2-6269A5C54ED9}"
EndProject
Project("{FAE04EC0-301F-11D3-BF4B-00C04F79EFBC}") = "LabWork1.2", "LabWork1.2\LabWork1.2.csproj", "{DFB6B4AF-37C6-4749-AF77-42C343FDF9AF}"
EndProject
Project("{FAE04EC0-301F-11D3-BF4B-00C04F79EFBC}") = "LabWork1.3", "LabWork1.3\LabWork1.3.csproj", "{E253DC84-B256-4545-A39F-9F927C6D79CC}"
EndProject
Project("{2150E333-8FDC-42A3-9474-1A3956D46DE8}") = "LabWork2", "LabWork2", "{4045B484-6EFE-485D-B8C4-30F134697B4F}"
EndProject
Project("{FAE04EC0-301F-11D3-BF4B-00C04F79EFBC}") = "LabWork2.1", "LabWork2.1\LabWork2.1.csproj", "{ED7F92DB-0EB8-474B-8CE8-B9BA91B25C40}"
EndProject
Project("{FAE04EC0-301F-11D3-BF4B-00C04F79EFBC}") = "LabWork1.1", "LabWork1.1\LabWork1.1.csproj", "{4E1305E7-DAF4-4F0E-9E63-04403EB9E87A}"
EndProject
Project("{FAE04EC0-301F-11D3-BF4B-00C04F79EFBC}") = "LabWork2.2", "LabWork2.2\LabWork2.2.csproj", "{A712F6B1-1D97-4E43-A7F7-21F0F0DAAACB}"
EndProject
Project("{FAE04EC0-301F-11D3-BF4B-00C04F79EFBC}") = "LabWork2.3", "LabWork2.3\LabWork2.3.csproj", "{E2FCD7F7-C2E2-4DD9-B732-042D7E338070}"
EndProject
Project("{FAE04EC0-301F-11D3-BF4B-00C04F79EFBC}") = "LabWork2.4", "LabWork2.4\LabWork2.4.csproj", "{423030EA-4C8B-4270-A368-65158AFA769B}"
EndProject
Project("{FAE04EC0-301F-11D3-BF4B-00C04F79EFBC}") = "LabWork2.5.1", "LabWork2.5.1\LabWork2.5.1.csproj", "{22CC3266-60AA-46D0-9FC9-CDC4FE80270C}"
EndProject
Project("{FAE04EC0-301F-11D3-BF4B-00C04F79EFBC}") = "LabWork2.5.2", "LabWork2.5.2\LabWork2.5.2.csproj", "{C7410645-D6FC-4B1F-AC9E-70E31ACEC18C}"
EndProject
Project("{2150E333-8FDC-42A3-9474-1A3956D46DE8}") = "LabWork3", "LabWork3", "{C6655829-6FFF-475D-9745-F7C10B0A3A5E}"
EndProject
Project("{FAE04EC0-301F-11D3-BF4B-00C04F79EFBC}") = "LabWork3.1", "LabWork3.1\LabWork3.1.csproj", "{0D03A83F-8DCB-4DA5-94E2-FF00644871C5}"
EndProject
Project("{FAE04EC0-301F-11D3-BF4B-00C04F79EFBC}") = "LabWork3.2", "LabWork3.2\LabWork3.2.csproj", "{D4DED00C-B1C7-4A5D-B1FA-F2F8602A9A36}"
EndProject
Project("{FAE04EC0-301F-11D3-BF4B-00C04F79EFBC}") = "LabWork3.3", "LabWork3.3\LabWork3.3.csproj", "{7EC680ED-7674-4BA2-8DC3-47ABEE25F3B8}"
EndProject
Project("{FAE04EC0-301F-11D3-BF4B-00C04F79EFBC}") = "LabWork3.4", "LabWork3.4\LabWork3.4.csproj", "{84167C68-D39C-487B-9EEF-9754EC759925}"
EndProject
Project("{FAE04EC0-301F-11D3-BF4B-00C04F79EFBC}") = "LabWork3.5", "LabWork3.5\LabWork3.5.csproj", "{2D5B40DA-C127-46BC-8816-83F7364C7ACD}"
EndProject
Project("{2150E333-8FDC-42A3-9474-1A3956D46DE8}") = "LabWork4", "LabWork4", "{AE85AA81-3237-46B4-BB96-59335A70B0EF}"
EndProject
Project("{FAE04EC0-301F-11D3-BF4B-00C04F79EFBC}") = "LabWork4.1", "LabWork4.1\LabWork4.1.csproj", "{521ADC5B-C60D-434D-9018-8DF871FDBD0C}"
EndProject
Project("{FAE04EC0-301F-11D3-BF4B-00C04F79EFBC}") = "LabWork4.2", "LabWork4.2\LabWork4.2.csproj", "{231A5C81-551E-45E8-9FD8-F4731CF3B0B8}"
EndProject
Project("{FAE04EC0-301F-11D3-BF4B-00C04F79EFBC}") = "LabWork4.3", "LabWork4.3\LabWork4.3.csproj", "{6A69DC33-C32A-4E01-9CA3-7E1A47E462C7}"
EndProject
Project("{FAE04EC0-301F-11D3-BF4B-00C04F79EFBC}") = "LabWork4.4", "LabWork4.4\LabWork4.4.csproj", "{3168AB4C-DA66-4229-9012-6837232EC194}"
EndProject
Project("{FAE04EC0-301F-11D3-BF4B-00C04F79EFBC}") = "LabWork4.5", "LabWork4.5\LabWork4.5.csproj", "{C5175A43-7E09-47DF-947E-265AB7C558BF}"
EndProject
Global
	GlobalSection(SolutionConfigurationPlatforms) = preSolution
		Debug|Any CPU = Debug|Any CPU
		Release|Any CPU = Release|Any CPU
	EndGlobalSection
	GlobalSection(ProjectConfigurationPlatforms) = postSolution
		{DFB6B4AF-37C6-4749-AF77-42C343FDF9AF}.Debug|Any CPU.ActiveCfg = Debug|Any CPU
		{DFB6B4AF-37C6-4749-AF77-42C343FDF9AF}.Debug|Any CPU.Build.0 = Debug|Any CPU
		{DFB6B4AF-37C6-4749-AF77-42C343FDF9AF}.Release|Any CPU.ActiveCfg = Release|Any CPU
		{DFB6B4AF-37C6-4749-AF77-42C343FDF9AF}.Release|Any CPU.Build.0 = Release|Any CPU
		{E253DC84-B256-4545-A39F-9F927C6D79CC}.Debug|Any CPU.ActiveCfg = Debug|Any CPU
		{E253DC84-B256-4545-A39F-9F927C6D79CC}.Debug|Any CPU.Build.0 = Debug|Any CPU
		{E253DC84-B256-4545-A39F-9F927C6D79CC}.Release|Any CPU.ActiveCfg = Release|Any CPU
		{E253DC84-B256-4545-A39F-9F927C6D79CC}.Release|Any CPU.Build.0 = Release|Any CPU
		{ED7F92DB-0EB8-474B-8CE8-B9BA91B25C40}.Debug|Any CPU.ActiveCfg = Debug|Any CPU
		{ED7F92DB-0EB8-474B-8CE8-B9BA91B25C40}.Debug|Any CPU.Build.0 = Debug|Any CPU
		{ED7F92DB-0EB8-474B-8CE8-B9BA91B25C40}.Release|Any CPU.ActiveCfg = Release|Any CPU
		{ED7F92DB-0EB8-474B-8CE8-B9BA91B25C40}.Release|Any CPU.Build.0 = Release|Any CPU
		{4E1305E7-DAF4-4F0E-9E63-04403EB9E87A}.Debug|Any CPU.ActiveCfg = Debug|Any CPU
		{4E1305E7-DAF4-4F0E-9E63-04403EB9E87A}.Debug|Any CPU.Build.0 = Debug|Any CPU
		{4E1305E7-DAF4-4F0E-9E63-04403EB9E87A}.Release|Any CPU.ActiveCfg = Release|Any CPU
		{4E1305E7-DAF4-4F0E-9E63-04403EB9E87A}.Release|Any CPU.Build.0 = Release|Any CPU
		{A712F6B1-1D97-4E43-A7F7-21F0F0DAAACB}.Debug|Any CPU.ActiveCfg = Debug|Any CPU
		{A712F6B1-1D97-4E43-A7F7-21F0F0DAAACB}.Debug|Any CPU.Build.0 = Debug|Any CPU
		{A712F6B1-1D97-4E43-A7F7-21F0F0DAAACB}.Release|Any CPU.ActiveCfg = Release|Any CPU
		{A712F6B1-1D97-4E43-A7F7-21F0F0DAAACB}.Release|Any CPU.Build.0 = Release|Any CPU
		{E2FCD7F7-C2E2-4DD9-B732-042D7E338070}.Debug|Any CPU.ActiveCfg = Debug|Any CPU
		{E2FCD7F7-C2E2-4DD9-B732-042D7E338070}.Debug|Any CPU.Build.0 = Debug|Any CPU
		{E2FCD7F7-C2E2-4DD9-B732-042D7E338070}.Release|Any CPU.ActiveCfg = Release|Any CPU
		{E2FCD7F7-C2E2-4DD9-B732-042D7E338070}.Release|Any CPU.Build.0 = Release|Any CPU
		{423030EA-4C8B-4270-A368-65158AFA769B}.Debug|Any CPU.ActiveCfg = Debug|Any CPU
		{423030EA-4C8B-4270-A368-65158AFA769B}.Debug|Any CPU.Build.0 = Debug|Any CPU
		{423030EA-4C8B-4270-A368-65158AFA769B}.Release|Any CPU.ActiveCfg = Release|Any CPU
		{423030EA-4C8B-4270-A368-65158AFA769B}.Release|Any CPU.Build.0 = Release|Any CPU
		{22CC3266-60AA-46D0-9FC9-CDC4FE80270C}.Debug|Any CPU.ActiveCfg = Debug|Any CPU
		{22CC3266-60AA-46D0-9FC9-CDC4FE80270C}.Debug|Any CPU.Build.0 = Debug|Any CPU
		{22CC3266-60AA-46D0-9FC9-CDC4FE80270C}.Release|Any CPU.ActiveCfg = Release|Any CPU
		{22CC3266-60AA-46D0-9FC9-CDC4FE80270C}.Release|Any CPU.Build.0 = Release|Any CPU
		{C7410645-D6FC-4B1F-AC9E-70E31ACEC18C}.Debug|Any CPU.ActiveCfg = Debug|Any CPU
		{C7410645-D6FC-4B1F-AC9E-70E31ACEC18C}.Debug|Any CPU.Build.0 = Debug|Any CPU
		{C7410645-D6FC-4B1F-AC9E-70E31ACEC18C}.Release|Any CPU.ActiveCfg = Release|Any CPU
		{C7410645-D6FC-4B1F-AC9E-70E31ACEC18C}.Release|Any CPU.Build.0 = Release|Any CPU
		{0D03A83F-8DCB-4DA5-94E2-FF00644871C5}.Debug|Any CPU.ActiveCfg = Debug|Any CPU
		{0D03A83F-8DCB-4DA5-94E2-FF00644871C5}.Debug|Any CPU.Build.0 = Debug|Any CPU
		{0D03A83F-8DCB-4DA5-94E2-FF00644871C5}.Release|Any CPU.ActiveCfg = Release|Any CPU
		{0D03A83F-8DCB-4DA5-94E2-FF00644871C5}.Release|Any CPU.Build.0 = Release|Any CPU
		{D4DED00C-B1C7-4A5D-B1FA-F2F8602A9A36}.Debug|Any CPU.ActiveCfg = Debug|Any CPU
		{D4DED00C-B1C7-4A5D-B1FA-F2F8602A9A36}.Debug|Any CPU.Build.0 = Debug|Any CPU
		{D4DED00C-B1C7-4A5D-B1FA-F2F8602A9A36}.Release|Any CPU.ActiveCfg = Release|Any CPU
		{D4DED00C-B1C7-4A5D-B1FA-F2F8602A9A36}.Release|Any CPU.Build.0 = Release|Any CPU
		{7EC680ED-7674-4BA2-8DC3-47ABEE25F3B8}.Debug|Any CPU.ActiveCfg = Debug|Any CPU
		{7EC680ED-7674-4BA2-8DC3-47ABEE25F3B8}.Debug|Any CPU.Build.0 = Debug|Any CPU
		{7EC680ED-7674-4BA2-8DC3-47ABEE25F3B8}.Release|Any CPU.ActiveCfg = Release|Any CPU
		{7EC680ED-7674-4BA2-8DC3-47ABEE25F3B8}.Release|Any CPU.Build.0 = Release|Any CPU
		{84167C68-D39C-487B-9EEF-9754EC759925}.Debug|Any CPU.ActiveCfg = Debug|Any CPU
		{84167C68-D39C-487B-9EEF-9754EC759925}.Debug|Any CPU.Build.0 = Debug|Any CPU
		{84167C68-D39C-487B-9EEF-9754EC759925}.Release|Any CPU.ActiveCfg = Release|Any CPU
		{84167C68-D39C-487B-9EEF-9754EC759925}.Release|Any CPU.Build.0 = Release|Any CPU
		{2D5B40DA-C127-46BC-8816-83F7364C7ACD}.Debug|Any CPU.ActiveCfg = Debug|Any CPU
		{2D5B40DA-C127-46BC-8816-83F7364C7ACD}.Debug|Any CPU.Build.0 = Debug|Any CPU
		{2D5B40DA-C127-46BC-8816-83F7364C7ACD}.Release|Any CPU.ActiveCfg = Release|Any CPU
		{2D5B40DA-C127-46BC-8816-83F7364C7ACD}.Release|Any CPU.Build.0 = Release|Any CPU
		{521ADC5B-C60D-434D-9018-8DF871FDBD0C}.Debug|Any CPU.ActiveCfg = Debug|Any CPU
		{521ADC5B-C60D-434D-9018-8DF871FDBD0C}.Debug|Any CPU.Build.0 = Debug|Any CPU
		{521ADC5B-C60D-434D-9018-8DF871FDBD0C}.Release|Any CPU.ActiveCfg = Release|Any CPU
		{521ADC5B-C60D-434D-9018-8DF871FDBD0C}.Release|Any CPU.Build.0 = Release|Any CPU
		{231A5C81-551E-45E8-9FD8-F4731CF3B0B8}.Debug|Any CPU.ActiveCfg = Debug|Any CPU
		{231A5C81-551E-45E8-9FD8-F4731CF3B0B8}.Debug|Any CPU.Build.0 = Debug|Any CPU
		{231A5C81-551E-45E8-9FD8-F4731CF3B0B8}.Release|Any CPU.ActiveCfg = Release|Any CPU
		{231A5C81-551E-45E8-9FD8-F4731CF3B0B8}.Release|Any CPU.Build.0 = Release|Any CPU
		{6A69DC33-C32A-4E01-9CA3-7E1A47E462C7}.Debug|Any CPU.ActiveCfg = Debug|Any CPU
		{6A69DC33-C32A-4E01-9CA3-7E1A47E462C7}.Debug|Any CPU.Build.0 = Debug|Any CPU
		{6A69DC33-C32A-4E01-9CA3-7E1A47E462C7}.Release|Any CPU.ActiveCfg = Release|Any CPU
		{6A69DC33-C32A-4E01-9CA3-7E1A47E462C7}.Release|Any CPU.Build.0 = Release|Any CPU
		{3168AB4C-DA66-4229-9012-6837232EC194}.Debug|Any CPU.ActiveCfg = Debug|Any CPU
		{3168AB4C-DA66-4229-9012-6837232EC194}.Debug|Any CPU.Build.0 = Debug|Any CPU
		{3168AB4C-DA66-4229-9012-6837232EC194}.Release|Any CPU.ActiveCfg = Release|Any CPU
		{3168AB4C-DA66-4229-9012-6837232EC194}.Release|Any CPU.Build.0 = Release|Any CPU
		{C5175A43-7E09-47DF-947E-265AB7C558BF}.Debug|Any CPU.ActiveCfg = Debug|Any CPU
		{C5175A43-7E09-47DF-947E-265AB7C558BF}.Debug|Any CPU.Build.0 = Debug|Any CPU
		{C5175A43-7E09-47DF-947E-265AB7C558BF}.Release|Any CPU.ActiveCfg = Release|Any CPU
		{C5175A43-7E09-47DF-947E-265AB7C558BF}.Release|Any CPU.Build.0 = Release|Any CPU
	EndGlobalSection
	GlobalSection(NestedProjects) = preSolution
		{DFB6B4AF-37C6-4749-AF77-42C343FDF9AF} = {2C010DE1-9A09-4D1D-8BB2-6269A5C54ED9}
		{E253DC84-B256-4545-A39F-9F927C6D79CC} = {2C010DE1-9A09-4D1D-8BB2-6269A5C54ED9}
		{ED7F92DB-0EB8-474B-8CE8-B9BA91B25C40} = {4045B484-6EFE-485D-B8C4-30F134697B4F}
		{4E1305E7-DAF4-4F0E-9E63-04403EB9E87A} = {2C010DE1-9A09-4D1D-8BB2-6269A5C54ED9}
		{A712F6B1-1D97-4E43-A7F7-21F0F0DAAACB} = {4045B484-6EFE-485D-B8C4-30F134697B4F}
		{E2FCD7F7-C2E2-4DD9-B732-042D7E338070} = {4045B484-6EFE-485D-B8C4-30F134697B4F}
		{423030EA-4C8B-4270-A368-65158AFA769B} = {4045B484-6EFE-485D-B8C4-30F134697B4F}
		{22CC3266-60AA-46D0-9FC9-CDC4FE80270C} = {4045B484-6EFE-485D-B8C4-30F134697B4F}
		{C7410645-D6FC-4B1F-AC9E-70E31ACEC18C} = {4045B484-6EFE-485D-B8C4-30F134697B4F}
		{0D03A83F-8DCB-4DA5-94E2-FF00644871C5} = {C6655829-6FFF-475D-9745-F7C10B0A3A5E}
		{D4DED00C-B1C7-4A5D-B1FA-F2F8602A9A36} = {C6655829-6FFF-475D-9745-F7C10B0A3A5E}
		{7EC680ED-7674-4BA2-8DC3-47ABEE25F3B8} = {C6655829-6FFF-475D-9745-F7C10B0A3A5E}
		{84167C68-D39C-487B-9EEF-9754EC759925} = {C6655829-6FFF-475D-9745-F7C10B0A3A5E}
		{2D5B40DA-C127-46BC-8816-83F7364C7ACD} = {C6655829-6FFF-475D-9745-F7C10B0A3A5E}
		{521ADC5B-C60D-434D-9018-8DF871FDBD0C} = {AE85AA81-3237-46B4-BB96-59335A70B0EF}
		{231A5C81-551E-45E8-9FD8-F4731CF3B0B8} = {AE85AA81-3237-46B4-BB96-59335A70B0EF}
		{6A69DC33-C32A-4E01-9CA3-7E1A47E462C7} = {AE85AA81-3237-46B4-BB96-59335A70B0EF}
		{3168AB4C-DA66-4229-9012-6837232EC194} = {AE85AA81-3237-46B4-BB96-59335A70B0EF}
		{C5175A43-7E09-47DF-947E-265AB7C558BF} = {AE85AA81-3237-46B4-BB96-59335A70B0EF}
	EndGlobalSection
EndGlobal
